
Microsoft Visual Studio Solution File, Format Version 12.00
# Visual Studio 15
VisualStudioVersion = 15.0.27130.2003
MinimumVisualStudioVersion = 10.0.40219.1
Project("{FAE04EC0-301F-11D3-BF4B-00C04F79EFBC}") = "Roots Calculator", "Roots Calculator\Roots Calculator.csproj", "{D0B5B91B-888F-409D-A87F-A8DDE2DD4BF0}"
EndProject
Global
	GlobalSection(SolutionConfigurationPlatforms) = preSolution
		Debug|Any CPU = Debug|Any CPU
		Release|Any CPU = Release|Any CPU
	EndGlobalSection
	GlobalSection(ProjectConfigurationPlatforms) = postSolution
		{D0B5B91B-888F-409D-A87F-A8DDE2DD4BF0}.Debug|Any CPU.ActiveCfg = Debug|Any CPU
		{D0B5B91B-888F-409D-A87F-A8DDE2DD4BF0}.Debug|Any CPU.Build.0 = Debug|Any CPU
		{D0B5B91B-888F-409D-A87F-A8DDE2DD4BF0}.Release|Any CPU.ActiveCfg = Release|Any CPU
		{D0B5B91B-888F-409D-A87F-A8DDE2DD4BF0}.Release|Any CPU.Build.0 = Release|Any CPU
	EndGlobalSection
	GlobalSection(SolutionProperties) = preSolution
		HideSolutionNode = FALSE
	EndGlobalSection
	GlobalSection(ExtensibilityGlobals) = postSolution
		SolutionGuid = {F95A0456-64B3-4400-9AEB-F70F0B5BD737}
	EndGlobalSection
EndGlobal
